
Microsoft Visual Studio Solution File, Format Version 12.00
# Visual Studio Version 17
VisualStudioVersion = 17.0.31903.59
MinimumVisualStudioVersion = 10.0.40219.1
Project("{2150E333-8FDC-42A3-9474-1A3956D46DE8}") = "src", "src", "{827E0CD3-B72D-47B6-A68D-7590B98EB39B}"
EndProject
Project("{FAE04EC0-301F-11D3-BF4B-00C04F79EFBC}") = "AiAgentPlatform.Domain", "src\AiAgentPlatform.Domain\AiAgentPlatform.Domain.csproj", "{4E307764-7D2D-4D62-B5F3-8ACABFC868E5}"
EndProject
Project("{FAE04EC0-301F-11D3-BF4B-00C04F79EFBC}") = "AiAgentPlatform.Application", "src\AiAgentPlatform.Application\AiAgentPlatform.Application.csproj", "{9898C4A2-A85C-415C-A304-71931DB41675}"
EndProject
Project("{FAE04EC0-301F-11D3-BF4B-00C04F79EFBC}") = "AiAgentPlatform.Infrastructure", "src\AiAgentPlatform.Infrastructure\AiAgentPlatform.Infrastructure.csproj", "{9AA8523C-6D1D-410E-979A-92DD2BD5FB55}"
EndProject
Project("{FAE04EC0-301F-11D3-BF4B-00C04F79EFBC}") = "AiAgentPlatform.Shared", "src\AiAgentPlatform.Shared\AiAgentPlatform.Shared.csproj", "{466C25AA-C4FC-4A3C-9536-B7947F5AEFEB}"
EndProject
Project("{FAE04EC0-301F-11D3-BF4B-00C04F79EFBC}") = "AiAgentPlatform.Api", "src\AiAgentPlatform.Api\AiAgentPlatform.Api.csproj", "{55DA9627-CC7A-4C8B-BDED-1439F64F3854}"
EndProject
Project("{2150E333-8FDC-42A3-9474-1A3956D46DE8}") = "tests", "tests", "{0AB3BF05-4346-4AA6-1389-037BE0695223}"
EndProject
Project("{FAE04EC0-301F-11D3-BF4B-00C04F79EFBC}") = "AiAgentPlatform.UnitTests", "tests\AiAgentPlatform.UnitTests\AiAgentPlatform.UnitTests.csproj", "{48B52EB1-BE38-4726-A0A4-89E22987C15C}"
EndProject
Project("{FAE04EC0-301F-11D3-BF4B-00C04F79EFBC}") = "AiAgentPlatform.IntegrationTests", "tests\AiAgentPlatform.IntegrationTests\AiAgentPlatform.IntegrationTests.csproj", "{29F7F83B-661E-448C-9EA3-4DC973062EE2}"
EndProject
Global
	GlobalSection(SolutionConfigurationPlatforms) = preSolution
		Debug|Any CPU = Debug|Any CPU
		Debug|x64 = Debug|x64
		Debug|x86 = Debug|x86
		Release|Any CPU = Release|Any CPU
		Release|x64 = Release|x64
		Release|x86 = Release|x86
	EndGlobalSection
	GlobalSection(ProjectConfigurationPlatforms) = postSolution
		{4E307764-7D2D-4D62-B5F3-8ACABFC868E5}.Debug|Any CPU.ActiveCfg = Debug|Any CPU
		{4E307764-7D2D-4D62-B5F3-8ACABFC868E5}.Debug|Any CPU.Build.0 = Debug|Any CPU
		{4E307764-7D2D-4D62-B5F3-8ACABFC868E5}.Debug|x64.ActiveCfg = Debug|Any CPU
		{4E307764-7D2D-4D62-B5F3-8ACABFC868E5}.Debug|x64.Build.0 = Debug|Any CPU
		{4E307764-7D2D-4D62-B5F3-8ACABFC868E5}.Debug|x86.ActiveCfg = Debug|Any CPU
		{4E307764-7D2D-4D62-B5F3-8ACABFC868E5}.Debug|x86.Build.0 = Debug|Any CPU
		{4E307764-7D2D-4D62-B5F3-8ACABFC868E5}.Release|Any CPU.ActiveCfg = Release|Any CPU
		{4E307764-7D2D-4D62-B5F3-8ACABFC868E5}.Release|Any CPU.Build.0 = Release|Any CPU
		{4E307764-7D2D-4D62-B5F3-8ACABFC868E5}.Release|x64.ActiveCfg = Release|Any CPU
		{4E307764-7D2D-4D62-B5F3-8ACABFC868E5}.Release|x64.Build.0 = Release|Any CPU
		{4E307764-7D2D-4D62-B5F3-8ACABFC868E5}.Release|x86.ActiveCfg = Release|Any CPU
		{4E307764-7D2D-4D62-B5F3-8ACABFC868E5}.Release|x86.Build.0 = Release|Any CPU
		{9898C4A2-A85C-415C-A304-71931DB41675}.Debug|Any CPU.ActiveCfg = Debug|Any CPU
		{9898C4A2-A85C-415C-A304-71931DB41675}.Debug|Any CPU.Build.0 = Debug|Any CPU
		{9898C4A2-A85C-415C-A304-71931DB41675}.Debug|x64.ActiveCfg = Debug|Any CPU
		{9898C4A2-A85C-415C-A304-71931DB41675}.Debug|x64.Build.0 = Debug|Any CPU
		{9898C4A2-A85C-415C-A304-71931DB41675}.Debug|x86.ActiveCfg = Debug|Any CPU
		{9898C4A2-A85C-415C-A304-71931DB41675}.Debug|x86.Build.0 = Debug|Any CPU
		{9898C4A2-A85C-415C-A304-71931DB41675}.Release|Any CPU.ActiveCfg = Release|Any CPU
		{9898C4A2-A85C-415C-A304-71931DB41675}.Release|Any CPU.Build.0 = Release|Any CPU
		{9898C4A2-A85C-415C-A304-71931DB41675}.Release|x64.ActiveCfg = Release|Any CPU
		{9898C4A2-A85C-415C-A304-71931DB41675}.Release|x64.Build.0 = Release|Any CPU
		{9898C4A2-A85C-415C-A304-71931DB41675}.Release|x86.ActiveCfg = Release|Any CPU
		{9898C4A2-A85C-415C-A304-71931DB41675}.Release|x86.Build.0 = Release|Any CPU
		{9AA8523C-6D1D-410E-979A-92DD2BD5FB55}.Debug|Any CPU.ActiveCfg = Debug|Any CPU
		{9AA8523C-6D1D-410E-979A-92DD2BD5FB55}.Debug|Any CPU.Build.0 = Debug|Any CPU
		{9AA8523C-6D1D-410E-979A-92DD2BD5FB55}.Debug|x64.ActiveCfg = Debug|Any CPU
		{9AA8523C-6D1D-410E-979A-92DD2BD5FB55}.Debug|x64.Build.0 = Debug|Any CPU
		{9AA8523C-6D1D-410E-979A-92DD2BD5FB55}.Debug|x86.ActiveCfg = Debug|Any CPU
		{9AA8523C-6D1D-410E-979A-92DD2BD5FB55}.Debug|x86.Build.0 = Debug|Any CPU
		{9AA8523C-6D1D-410E-979A-92DD2BD5FB55}.Release|Any CPU.ActiveCfg = Release|Any CPU
		{9AA8523C-6D1D-410E-979A-92DD2BD5FB55}.Release|Any CPU.Build.0 = Release|Any CPU
		{9AA8523C-6D1D-410E-979A-92DD2BD5FB55}.Release|x64.ActiveCfg = Release|Any CPU
		{9AA8523C-6D1D-410E-979A-92DD2BD5FB55}.Release|x64.Build.0 = Release|Any CPU
		{9AA8523C-6D1D-410E-979A-92DD2BD5FB55}.Release|x86.ActiveCfg = Release|Any CPU
		{9AA8523C-6D1D-410E-979A-92DD2BD5FB55}.Release|x86.Build.0 = Release|Any CPU
		{466C25AA-C4FC-4A3C-9536-B7947F5AEFEB}.Debug|Any CPU.ActiveCfg = Debug|Any CPU
		{466C25AA-C4FC-4A3C-9536-B7947F5AEFEB}.Debug|Any CPU.Build.0 = Debug|Any CPU
		{466C25AA-C4FC-4A3C-9536-B7947F5AEFEB}.Debug|x64.ActiveCfg = Debug|Any CPU
		{466C25AA-C4FC-4A3C-9536-B7947F5AEFEB}.Debug|x64.Build.0 = Debug|Any CPU
		{466C25AA-C4FC-4A3C-9536-B7947F5AEFEB}.Debug|x86.ActiveCfg = Debug|Any CPU
		{466C25AA-C4FC-4A3C-9536-B7947F5AEFEB}.Debug|x86.Build.0 = Debug|Any CPU
		{466C25AA-C4FC-4A3C-9536-B7947F5AEFEB}.Release|Any CPU.ActiveCfg = Release|Any CPU
		{466C25AA-C4FC-4A3C-9536-B7947F5AEFEB}.Release|Any CPU.Build.0 = Release|Any CPU
		{466C25AA-C4FC-4A3C-9536-B7947F5AEFEB}.Release|x64.ActiveCfg = Release|Any CPU
		{466C25AA-C4FC-4A3C-9536-B7947F5AEFEB}.Release|x64.Build.0 = Release|Any CPU
		{466C25AA-C4FC-4A3C-9536-B7947F5AEFEB}.Release|x86.ActiveCfg = Release|Any CPU
		{466C25AA-C4FC-4A3C-9536-B7947F5AEFEB}.Release|x86.Build.0 = Release|Any CPU
		{55DA9627-CC7A-4C8B-BDED-1439F64F3854}.Debug|Any CPU.ActiveCfg = Debug|Any CPU
		{55DA9627-CC7A-4C8B-BDED-1439F64F3854}.Debug|Any CPU.Build.0 = Debug|Any CPU
		{55DA9627-CC7A-4C8B-BDED-1439F64F3854}.Debug|x64.ActiveCfg = Debug|Any CPU
		{55DA9627-CC7A-4C8B-BDED-1439F64F3854}.Debug|x64.Build.0 = Debug|Any CPU
		{55DA9627-CC7A-4C8B-BDED-1439F64F3854}.Debug|x86.ActiveCfg = Debug|Any CPU
		{55DA9627-CC7A-4C8B-BDED-1439F64F3854}.Debug|x86.Build.0 = Debug|Any CPU
		{55DA9627-CC7A-4C8B-BDED-1439F64F3854}.Release|Any CPU.ActiveCfg = Release|Any CPU
		{55DA9627-CC7A-4C8B-BDED-1439F64F3854}.Release|Any CPU.Build.0 = Release|Any CPU
		{55DA9627-CC7A-4C8B-BDED-1439F64F3854}.Release|x64.ActiveCfg = Release|Any CPU
		{55DA9627-CC7A-4C8B-BDED-1439F64F3854}.Release|x64.Build.0 = Release|Any CPU
		{55DA9627-CC7A-4C8B-BDED-1439F64F3854}.Release|x86.ActiveCfg = Release|Any CPU
		{55DA9627-CC7A-4C8B-BDED-1439F64F3854}.Release|x86.Build.0 = Release|Any CPU
		{48B52EB1-BE38-4726-A0A4-89E22987C15C}.Debug|Any CPU.ActiveCfg = Debug|Any CPU
		{48B52EB1-BE38-4726-A0A4-89E22987C15C}.Debug|Any CPU.Build.0 = Debug|Any CPU
		{48B52EB1-BE38-4726-A0A4-89E22987C15C}.Debug|x64.ActiveCfg = Debug|Any CPU
		{48B52EB1-BE38-4726-A0A4-89E22987C15C}.Debug|x64.Build.0 = Debug|Any CPU
		{48B52EB1-BE38-4726-A0A4-89E22987C15C}.Debug|x86.ActiveCfg = Debug|Any CPU
		{48B52EB1-BE38-4726-A0A4-89E22987C15C}.Debug|x86.Build.0 = Debug|Any CPU
		{48B52EB1-BE38-4726-A0A4-89E22987C15C}.Release|Any CPU.ActiveCfg = Release|Any CPU
		{48B52EB1-BE38-4726-A0A4-89E22987C15C}.Release|Any CPU.Build.0 = Release|Any CPU
		{48B52EB1-BE38-4726-A0A4-89E22987C15C}.Release|x64.ActiveCfg = Release|Any CPU
		{48B52EB1-BE38-4726-A0A4-89E22987C15C}.Release|x64.Build.0 = Release|Any CPU
		{48B52EB1-BE38-4726-A0A4-89E22987C15C}.Release|x86.ActiveCfg = Release|Any CPU
		{48B52EB1-BE38-4726-A0A4-89E22987C15C}.Release|x86.Build.0 = Release|Any CPU
		{29F7F83B-661E-448C-9EA3-4DC973062EE2}.Debug|Any CPU.ActiveCfg = Debug|Any CPU
		{29F7F83B-661E-448C-9EA3-4DC973062EE2}.Debug|Any CPU.Build.0 = Debug|Any CPU
		{29F7F83B-661E-448C-9EA3-4DC973062EE2}.Debug|x64.ActiveCfg = Debug|Any CPU
		{29F7F83B-661E-448C-9EA3-4DC973062EE2}.Debug|x64.Build.0 = Debug|Any CPU
		{29F7F83B-661E-448C-9EA3-4DC973062EE2}.Debug|x86.ActiveCfg = Debug|Any CPU
		{29F7F83B-661E-448C-9EA3-4DC973062EE2}.Debug|x86.Build.0 = Debug|Any CPU
		{29F7F83B-661E-448C-9EA3-4DC973062EE2}.Release|Any CPU.ActiveCfg = Release|Any CPU
		{29F7F83B-661E-448C-9EA3-4DC973062EE2}.Release|Any CPU.Build.0 = Release|Any CPU
		{29F7F83B-661E-448C-9EA3-4DC973062EE2}.Release|x64.ActiveCfg = Release|Any CPU
		{29F7F83B-661E-448C-9EA3-4DC973062EE2}.Release|x64.Build.0 = Release|Any CPU
		{29F7F83B-661E-448C-9EA3-4DC973062EE2}.Release|x86.ActiveCfg = Release|Any CPU
		{29F7F83B-661E-448C-9EA3-4DC973062EE2}.Release|x86.Build.0 = Release|Any CPU
	EndGlobalSection
	GlobalSection(SolutionProperties) = preSolution
		HideSolutionNode = FALSE
	EndGlobalSection
	GlobalSection(NestedProjects) = preSolution
		{4E307764-7D2D-4D62-B5F3-8ACABFC868E5} = {827E0CD3-B72D-47B6-A68D-7590B98EB39B}
		{9898C4A2-A85C-415C-A304-71931DB41675} = {827E0CD3-B72D-47B6-A68D-7590B98EB39B}
		{9AA8523C-6D1D-410E-979A-92DD2BD5FB55} = {827E0CD3-B72D-47B6-A68D-7590B98EB39B}
		{466C25AA-C4FC-4A3C-9536-B7947F5AEFEB} = {827E0CD3-B72D-47B6-A68D-7590B98EB39B}
		{55DA9627-CC7A-4C8B-BDED-1439F64F3854} = {827E0CD3-B72D-47B6-A68D-7590B98EB39B}
		{48B52EB1-BE38-4726-A0A4-89E22987C15C} = {0AB3BF05-4346-4AA6-1389-037BE0695223}
		{29F7F83B-661E-448C-9EA3-4DC973062EE2} = {0AB3BF05-4346-4AA6-1389-037BE0695223}
	EndGlobalSection
EndGlobal
